// !$*UTF8*$!
{
	archiveVersion = 1;
	classes = {
	};
	objectVersion = 50;
	objects = {

/* Begin PBXGroup section */
		DFC5B0D722B5BA32008BC62F = {
			isa = PBXGroup;
			children = (
			);
			sourceTree = "<group>";
		};
/* End PBXGroup section */

/* Begin PBXProject section */
		DFC5B0D822B5BA32008BC62F /* Project object */ = {
			isa = PBXProject;
			attributes = {
				LastUpgradeCheck = 1020;
			};
			buildConfigurationList = DFC5B0DB22B5BA32008BC62F /* Build configuration list for PBXProject "T440P" */;
			compatibilityVersion = "Xcode 9.3";
			developmentRegion = en;
			hasScannedForEncodings = 0;
			knownRegions = (
				en,
			);
			mainGroup = DFC5B0D722B5BA32008BC62F;
			projectDirPath = "";
			projectRoot = "";
			targets = (
			);
		};
/* End PBXProject section */

/* Begin XCBuildConfiguration section */
		DFC5B0DC22B5BA32008BC62F /* Debug */ = {
			isa = XCBuildConfiguration;
			buildSettings = {
			};
			name = Debug;
		};
		DFC5B0DD22B5BA32008BC62F /* Release */ = {
			isa = XCBuildConfiguration;
			buildSettings = {
			};
			name = Release;
		};
/* End XCBuildConfiguration section */

/* Begin XCConfigurationList section */
		DFC5B0DB22B5BA32008BC62F /* Build configuration list for PBXProject "T440P" */ = {
			isa = XCConfigurationList;
			buildConfigurations = (
				DFC5B0DC22B5BA32008BC62F /* Debug */,
				DFC5B0DD22B5BA32008BC62F /* Release */,
			);
			defaultConfigurationIsVisible = 0;
			defaultConfigurationName = Release;
		};
/* End XCConfigurationList section */
	};
	rootObject = DFC5B0D822B5BA32008BC62F /* Project object */;
}
